
Microsoft Visual Studio Solution File, Format Version 12.00
# Visual Studio Version 17
VisualStudioVersion = 17.11.35327.3
MinimumVisualStudioVersion = 10.0.40219.1
Project("{FAE04EC0-301F-11D3-BF4B-00C04F79EFBC}") = "OOPS", "OOPS\OOPS.csproj", "{EF3C542E-11CA-4BA1-8929-780B169285B6}"
EndProject
Global
	GlobalSection(SolutionConfigurationPlatforms) = preSolution
		Debug|Any CPU = Debug|Any CPU
		Release|Any CPU = Release|Any CPU
	EndGlobalSection
	GlobalSection(ProjectConfigurationPlatforms) = postSolution
		{EF3C542E-11CA-4BA1-8929-780B169285B6}.Debug|Any CPU.ActiveCfg = Debug|Any CPU
		{EF3C542E-11CA-4BA1-8929-780B169285B6}.Debug|Any CPU.Build.0 = Debug|Any CPU
		{EF3C542E-11CA-4BA1-8929-780B169285B6}.Release|Any CPU.ActiveCfg = Release|Any CPU
		{EF3C542E-11CA-4BA1-8929-780B169285B6}.Release|Any CPU.Build.0 = Release|Any CPU
	EndGlobalSection
	GlobalSection(SolutionProperties) = preSolution
		HideSolutionNode = FALSE
	EndGlobalSection
	GlobalSection(ExtensibilityGlobals) = postSolution
		SolutionGuid = {6B101D51-0694-4294-AE82-987D8013BAE9}
	EndGlobalSection
EndGlobal
